# This file is automatically @generated by Cargo.
# It is not intended for manual editing.
version = 4

[[package]]
name = "libc"
version = "0.2.174"
source = "registry+https://github.com/rust-lang/crates.io-index"
checksum = "1171693293099992e19cddea4e8b849964e9846f4acee11b3948bcc337be8776"

[[package]]
name = "rpi-pal"
version = "0.22.2"
source = "registry+https://github.com/rust-lang/crates.io-index"
checksum = "aed1991fa7d497e81f82b7eac494ad7d1f58d3b5f7fd1a13e30867375dfbc553"
dependencies = [
 "libc",
]

[[package]]
name = "rpi_hat_control"
version = "0.1.0"
dependencies = [
 "rpi-pal",
]
